
Microsoft Visual Studio Solution File, Format Version 12.00
# Visual Studio Version 16
VisualStudioVersion = 16.0.31025.194
MinimumVisualStudioVersion = 10.0.40219.1
Project("{FAE04EC0-301F-11D3-BF4B-00C04F79EFBC}") = "Polymorphism", "Polymorphism\Polymorphism.csproj", "{646B8E38-A232-4DAD-BB90-C2AC2B7A65AA}"
EndProject
Project("{FAE04EC0-301F-11D3-BF4B-00C04F79EFBC}") = "PolymorphismTestProject", "PolymorphismTestProject\PolymorphismTestProject.csproj", "{D36BA966-9D6B-4557-B035-1DA0D8E0EEBB}"
EndProject
Global
	GlobalSection(SolutionConfigurationPlatforms) = preSolution
		Debug|Any CPU = Debug|Any CPU
		Release|Any CPU = Release|Any CPU
	EndGlobalSection
	GlobalSection(ProjectConfigurationPlatforms) = postSolution
		{646B8E38-A232-4DAD-BB90-C2AC2B7A65AA}.Debug|Any CPU.ActiveCfg = Debug|Any CPU
		{646B8E38-A232-4DAD-BB90-C2AC2B7A65AA}.Debug|Any CPU.Build.0 = Debug|Any CPU
		{646B8E38-A232-4DAD-BB90-C2AC2B7A65AA}.Release|Any CPU.ActiveCfg = Release|Any CPU
		{646B8E38-A232-4DAD-BB90-C2AC2B7A65AA}.Release|Any CPU.Build.0 = Release|Any CPU
		{D36BA966-9D6B-4557-B035-1DA0D8E0EEBB}.Debug|Any CPU.ActiveCfg = Debug|Any CPU
		{D36BA966-9D6B-4557-B035-1DA0D8E0EEBB}.Debug|Any CPU.Build.0 = Debug|Any CPU
		{D36BA966-9D6B-4557-B035-1DA0D8E0EEBB}.Release|Any CPU.ActiveCfg = Release|Any CPU
		{D36BA966-9D6B-4557-B035-1DA0D8E0EEBB}.Release|Any CPU.Build.0 = Release|Any CPU
	EndGlobalSection
	GlobalSection(SolutionProperties) = preSolution
		HideSolutionNode = FALSE
	EndGlobalSection
	GlobalSection(ExtensibilityGlobals) = postSolution
		SolutionGuid = {90D4FBE4-385F-4914-B9A7-014E22570853}
	EndGlobalSection
EndGlobal
